# This file is autogenerated, do not edit; changes may be undone by the next 'dep ensure'.


[[projects]]
  name = "github.com/chzyer/readline"
  packages = ["."]
  revision = "62c6fe6193755f722b8b8788aa7357be55a50ff1"
  version = "v1.4"

[[projects]]
  branch = "master"
  name = "github.com/conejoninja/hid"
  packages = ["."]
  revision = "26f3555a38d8cdb2ba17ea83e56915e32e05d54a"

[[projects]]
  name = "github.com/golang/protobuf"
  packages = ["proto"]
  revision = "b4deda0973fb4c70b50d226b1af49f3da59f5265"
  version = "v1.1.0"

[[projects]]
  branch = "master"
  name = "github.com/trezor/trezord-go"
  packages = ["usb/lowlevel"]
  revision = "2d224e6e52de1d14fbb31acbe7a377b77d943075"

[[projects]]
  branch = "master"
  name = "github.com/zserge/hid"
  packages = ["."]
  revision = "b5855a5a090afe7e008d85178d979c8d1a6185b5"

[[projects]]
  name = "golang.org/x/text"
  packages = [
    "internal/gen",
    "internal/triegen",
    "internal/ucd",
    "transform",
    "unicode/cldr",
    "unicode/norm"
  ]
  revision = "f21a4dfb5e38f5895301dc265a8def02365cc3d0"
  version = "v0.3.0"

[solve-meta]
  analyzer-name = "dep"
  analyzer-version = 1
  inputs-digest = "f985bbe91b1d8ce8ab940e7fcbf0fc14b579dbeef5002486d7b22cb5ca072458"
  solver-name = "gps-cdcl"
  solver-version = 1
